
Microsoft Visual Studio Solution File, Format Version 12.00
# Visual Studio Version 17
VisualStudioVersion = 17.7.34031.279
MinimumVisualStudioVersion = 10.0.40219.1
Project("{9A19103F-16F7-4668-BE54-9A1E7A4F7556}") = "Vet_Clinic-rest", "Vet_Clinic-rest\Vet_Clinic-rest.csproj", "{877A99AB-6FDE-4A7D-B2D4-0D4C7533100D}"
EndProject
Global
	GlobalSection(SolutionConfigurationPlatforms) = preSolution
		Debug|Any CPU = Debug|Any CPU
		Release|Any CPU = Release|Any CPU
	EndGlobalSection
	GlobalSection(ProjectConfigurationPlatforms) = postSolution
		{877A99AB-6FDE-4A7D-B2D4-0D4C7533100D}.Debug|Any CPU.ActiveCfg = Debug|Any CPU
		{877A99AB-6FDE-4A7D-B2D4-0D4C7533100D}.Debug|Any CPU.Build.0 = Debug|Any CPU
		{877A99AB-6FDE-4A7D-B2D4-0D4C7533100D}.Release|Any CPU.ActiveCfg = Release|Any CPU
		{877A99AB-6FDE-4A7D-B2D4-0D4C7533100D}.Release|Any CPU.Build.0 = Release|Any CPU
	EndGlobalSection
	GlobalSection(SolutionProperties) = preSolution
		HideSolutionNode = FALSE
	EndGlobalSection
	GlobalSection(ExtensibilityGlobals) = postSolution
		SolutionGuid = {57B37595-52E3-4796-A271-A627498DAAD1}
	EndGlobalSection
EndGlobal
